
Microsoft Visual Studio Solution File, Format Version 12.00
# Visual Studio 15
VisualStudioVersion = 15.0.28307.489
MinimumVisualStudioVersion = 10.0.40219.1
Project("{FAE04EC0-301F-11D3-BF4B-00C04F79EFBC}") = "WebApplication_Gym", "WebApplication_Gym\WebApplication_Gym.csproj", "{A688B7DB-45B5-4415-951F-60AD0E2AB608}"
EndProject
Global
	GlobalSection(SolutionConfigurationPlatforms) = preSolution
		Debug|Any CPU = Debug|Any CPU
		Release|Any CPU = Release|Any CPU
	EndGlobalSection
	GlobalSection(ProjectConfigurationPlatforms) = postSolution
		{A688B7DB-45B5-4415-951F-60AD0E2AB608}.Debug|Any CPU.ActiveCfg = Debug|Any CPU
		{A688B7DB-45B5-4415-951F-60AD0E2AB608}.Debug|Any CPU.Build.0 = Debug|Any CPU
		{A688B7DB-45B5-4415-951F-60AD0E2AB608}.Release|Any CPU.ActiveCfg = Release|Any CPU
		{A688B7DB-45B5-4415-951F-60AD0E2AB608}.Release|Any CPU.Build.0 = Release|Any CPU
	EndGlobalSection
	GlobalSection(SolutionProperties) = preSolution
		HideSolutionNode = FALSE
	EndGlobalSection
	GlobalSection(ExtensibilityGlobals) = postSolution
		SolutionGuid = {A4057BA3-1157-4CF9-BB64-967144B6B6C1}
	EndGlobalSection
EndGlobal
